
Microsoft Visual Studio Solution File, Format Version 12.00
# Visual Studio Version 17
VisualStudioVersion = 17.5.002.0
MinimumVisualStudioVersion = 10.0.40219.1
Project("{9A19103F-16F7-4668-BE54-9A1E7A4F7556}") = "Task_1", "Task_1\Task_1.csproj", "{C1AB850E-FE7E-4E28-AE17-F9F69A7C6AF3}"
EndProject
Project("{9A19103F-16F7-4668-BE54-9A1E7A4F7556}") = "Task_2", "Task_2\Task_2.csproj", "{EFED2133-DF49-4819-B7EF-FEB3C67AF4B0}"
EndProject
Project("{9A19103F-16F7-4668-BE54-9A1E7A4F7556}") = "Task_3", "Task_3\Task_3.csproj", "{588875E5-DE76-4B74-8EEF-4AE0120A6737}"
EndProject
Global
	GlobalSection(SolutionConfigurationPlatforms) = preSolution
		Debug|Any CPU = Debug|Any CPU
		Release|Any CPU = Release|Any CPU
	EndGlobalSection
	GlobalSection(ProjectConfigurationPlatforms) = postSolution
		{C1AB850E-FE7E-4E28-AE17-F9F69A7C6AF3}.Debug|Any CPU.ActiveCfg = Debug|Any CPU
		{C1AB850E-FE7E-4E28-AE17-F9F69A7C6AF3}.Debug|Any CPU.Build.0 = Debug|Any CPU
		{C1AB850E-FE7E-4E28-AE17-F9F69A7C6AF3}.Release|Any CPU.ActiveCfg = Release|Any CPU
		{C1AB850E-FE7E-4E28-AE17-F9F69A7C6AF3}.Release|Any CPU.Build.0 = Release|Any CPU
		{EFED2133-DF49-4819-B7EF-FEB3C67AF4B0}.Debug|Any CPU.ActiveCfg = Debug|Any CPU
		{EFED2133-DF49-4819-B7EF-FEB3C67AF4B0}.Debug|Any CPU.Build.0 = Debug|Any CPU
		{EFED2133-DF49-4819-B7EF-FEB3C67AF4B0}.Release|Any CPU.ActiveCfg = Release|Any CPU
		{EFED2133-DF49-4819-B7EF-FEB3C67AF4B0}.Release|Any CPU.Build.0 = Release|Any CPU
		{588875E5-DE76-4B74-8EEF-4AE0120A6737}.Debug|Any CPU.ActiveCfg = Debug|Any CPU
		{588875E5-DE76-4B74-8EEF-4AE0120A6737}.Debug|Any CPU.Build.0 = Debug|Any CPU
		{588875E5-DE76-4B74-8EEF-4AE0120A6737}.Release|Any CPU.ActiveCfg = Release|Any CPU
		{588875E5-DE76-4B74-8EEF-4AE0120A6737}.Release|Any CPU.Build.0 = Release|Any CPU
	EndGlobalSection
	GlobalSection(SolutionProperties) = preSolution
		HideSolutionNode = FALSE
	EndGlobalSection
	GlobalSection(ExtensibilityGlobals) = postSolution
		SolutionGuid = {A3C76DE8-33BA-49CB-B7B0-5F03D55351F1}
	EndGlobalSection
EndGlobal
